
Microsoft Visual Studio Solution File, Format Version 12.00
# Visual Studio Version 17
VisualStudioVersion = 17.11.35303.130
MinimumVisualStudioVersion = 10.0.40219.1
Project("{9A19103F-16F7-4668-BE54-9A1E7A4F7556}") = "PhDManager.Web", "PhDManager.Web\PhDManager.Web.csproj", "{1418EF72-3F52-4A1C-B16D-8C101DE66FBD}"
	ProjectSection(ProjectDependencies) = postProject
		{8FE62FFD-4641-48B7-BA74-2E6444188A9B} = {8FE62FFD-4641-48B7-BA74-2E6444188A9B}
	EndProjectSection
EndProject
Project("{9A19103F-16F7-4668-BE54-9A1E7A4F7556}") = "PhDManager.Api", "PhDManager.Api\PhDManager.Api.csproj", "{3111E21B-6D77-40C2-B23B-3E4D570DF0BC}"
	ProjectSection(ProjectDependencies) = postProject
		{8FE62FFD-4641-48B7-BA74-2E6444188A9B} = {8FE62FFD-4641-48B7-BA74-2E6444188A9B}
	EndProjectSection
EndProject
Project("{9A19103F-16F7-4668-BE54-9A1E7A4F7556}") = "PhDManager.Core", "PhDManager.Core\PhDManager.Core.csproj", "{8FE62FFD-4641-48B7-BA74-2E6444188A9B}"
EndProject
Project("{E53339B2-1760-4266-BCC7-CA923CBCF16C}") = "docker-compose", "docker-compose.dcproj", "{F4B34609-4CDE-4381-A2F9-380F0BF3C93E}"
EndProject
Global
	GlobalSection(SolutionConfigurationPlatforms) = preSolution
		Debug|Any CPU = Debug|Any CPU
		Release|Any CPU = Release|Any CPU
	EndGlobalSection
	GlobalSection(ProjectConfigurationPlatforms) = postSolution
		{1418EF72-3F52-4A1C-B16D-8C101DE66FBD}.Debug|Any CPU.ActiveCfg = Debug|Any CPU
		{1418EF72-3F52-4A1C-B16D-8C101DE66FBD}.Debug|Any CPU.Build.0 = Debug|Any CPU
		{1418EF72-3F52-4A1C-B16D-8C101DE66FBD}.Release|Any CPU.ActiveCfg = Release|Any CPU
		{1418EF72-3F52-4A1C-B16D-8C101DE66FBD}.Release|Any CPU.Build.0 = Release|Any CPU
		{3111E21B-6D77-40C2-B23B-3E4D570DF0BC}.Debug|Any CPU.ActiveCfg = Debug|Any CPU
		{3111E21B-6D77-40C2-B23B-3E4D570DF0BC}.Debug|Any CPU.Build.0 = Debug|Any CPU
		{3111E21B-6D77-40C2-B23B-3E4D570DF0BC}.Release|Any CPU.ActiveCfg = Release|Any CPU
		{3111E21B-6D77-40C2-B23B-3E4D570DF0BC}.Release|Any CPU.Build.0 = Release|Any CPU
		{8FE62FFD-4641-48B7-BA74-2E6444188A9B}.Debug|Any CPU.ActiveCfg = Debug|Any CPU
		{8FE62FFD-4641-48B7-BA74-2E6444188A9B}.Debug|Any CPU.Build.0 = Debug|Any CPU
		{8FE62FFD-4641-48B7-BA74-2E6444188A9B}.Release|Any CPU.ActiveCfg = Release|Any CPU
		{8FE62FFD-4641-48B7-BA74-2E6444188A9B}.Release|Any CPU.Build.0 = Release|Any CPU
		{F4B34609-4CDE-4381-A2F9-380F0BF3C93E}.Debug|Any CPU.ActiveCfg = Debug|Any CPU
		{F4B34609-4CDE-4381-A2F9-380F0BF3C93E}.Debug|Any CPU.Build.0 = Debug|Any CPU
		{F4B34609-4CDE-4381-A2F9-380F0BF3C93E}.Release|Any CPU.ActiveCfg = Release|Any CPU
		{F4B34609-4CDE-4381-A2F9-380F0BF3C93E}.Release|Any CPU.Build.0 = Release|Any CPU
	EndGlobalSection
	GlobalSection(SolutionProperties) = preSolution
		HideSolutionNode = FALSE
	EndGlobalSection
	GlobalSection(ExtensibilityGlobals) = postSolution
		SolutionGuid = {D1F449D5-0DF0-4FA1-A213-23B605495416}
	EndGlobalSection
EndGlobal
